{
  "name": "frog-chess-scripts",
  "version": "1.0.0",
  "lockfileVersion": 3,
  "requires": true,
  "packages": {
    "": {
      "name": "frog-chess-scripts",
      "version": "1.0.0",
      "dependencies": {
        "tournament-organizer": "4.1.1"
      },
      "engines": {
        "node": ">=20"
      }
    },
    "node_modules/edmonds-blossom-fixed": {
      "version": "1.0.1",
      "resolved": "https://registry.npmjs.org/edmonds-blossom-fixed/-/edmonds-blossom-fixed-1.0.1.tgz",
      "integrity": "sha512-wtpraSt4yJeUpNU8RGC4q2JBxsJbHFxI7/htm/mS4FgxSN90WBwmgE7QZwpcY70KJRqmfLCNxU49UIc+DfzLKQ==",
      "license": "MIT"
    },
    "node_modules/tournament-organizer": {
      "version": "4.1.1",
      "resolved": "https://registry.npmjs.org/tournament-organizer/-/tournament-organizer-4.1.1.tgz",
      "integrity": "sha512-DLN2SDScV/ukvK8tzpJtcg7oh1+FVAnYKvuJ/MgbioPr+JS2GeipOeNjnGbmeZ2gbJeCcqJa1+0q9mAbKTBQVw==",
      "license": "MIT",
      "dependencies": {
        "tournament-pairings": "^2.0.1"
      },
      "engines": {
        "node": ">=16.7"
      }
    },
    "node_modules/tournament-pairings": {
      "version": "2.0.1",
      "resolved": "https://registry.npmjs.org/tournament-pairings/-/tournament-pairings-2.0.1.tgz",
      "integrity": "sha512-Vp+7zj+eykGtj4Fxl3l3vqDrfXz2MMOgx6A52oAIo7hbsPC/euCqImU2d2I6oXtOpy6Kim5qqXBb6Zwktpy2YA==",
      "license": "GPL-3.0-or-later",
      "dependencies": {
        "edmonds-blossom-fixed": "^1.0.1"
      }
    }
  }
}
